<?xml version="1.0" encoding="utf-8"?>
<Project ToolsVersion="4.0" xmlns="http://schemas.microsoft.com/developer/msbuild/2003">
  <ItemGroup>
    <Filter Include="Source Files">
      <UniqueIdentifier>{4FC737F1-C7A5-4376-A066-2A32D752A2FF}</UniqueIdentifier>
      <Extensions>cpp;c;cc;cxx;def;odl;idl;hpj;bat;asm;asmx</Extensions>
    </Filter>
    <Filter Include="Header Files">
      <UniqueIdentifier>{93995380-89BD-4b04-88EB-625FBE52EBFB}</UniqueIdentifier>
      <Extensions>h;hpp;hxx;hm;inl;inc;xsd</Extensions>
    </Filter>
    <Filter Include="Resource Files">
      <UniqueIdentifier>{67DA6AB6-F800-4c08-8B7A-83BB121AAD01}</UniqueIdentifier>
      <Extensions>rc;ico;cur;bmp;dlg;rc2;rct;bin;rgs;gif;jpg;jpeg;jpe;resx;tiff;tif;png;wav;mfcribbon-ms</Extensions>
    </Filter>
    <Filter Include="Driver Files">
      <UniqueIdentifier>{8E41214B-6785-4CFE-B992-037D68949A14}</UniqueIdentifier>
      <Extensions>inf;inv;inx;mof;mc;</Extensions>
    </Filter>
    <Filter Include="hde">
      <UniqueIdentifier>{73877d8b-803d-4112-8199-27ec49e9a0b0}</UniqueIdentifier>
    </Filter>
    <Filter Include="khook">
      <UniqueIdentifier>{985de5b4-44f9-473e-a74f-b10c2f9031a7}</UniqueIdentifier>
    </Filter>
  </ItemGroup>
  <ItemGroup>
    <Inf Include="khook.inf">
      <Filter>Driver Files</Filter>
    </Inf>
  </ItemGroup>
  <ItemGroup>
    <ClCompile Include="example.c">
      <Filter>Source Files</Filter>
    </ClCompile>
    <ClCompile Include="hde\hde32.cpp">
      <Filter>hde</Filter>
    </ClCompile>
    <ClCompile Include="hde\hde64.cpp">
      <Filter>hde</Filter>
    </ClCompile>
    <ClCompile Include="hk.c">
      <Filter>khook</Filter>
    </ClCompile>
  </ItemGroup>
  <ItemGroup>
    <ClInclude Include="hde\hde.h">
      <Filter>hde</Filter>
    </ClInclude>
    <ClInclude Include="hde\hde_stdint.h">
      <Filter>hde</Filter>
    </ClInclude>
    <ClInclude Include="hde\hde32.h">
      <Filter>hde</Filter>
    </ClInclude>
    <ClInclude Include="hde\hde64.h">
      <Filter>hde</Filter>
    </ClInclude>
    <ClInclude Include="hde\table32.h">
      <Filter>hde</Filter>
    </ClInclude>
    <ClInclude Include="hde\table64.h">
      <Filter>hde</Filter>
    </ClInclude>
    <ClInclude Include="hk.h">
      <Filter>khook</Filter>
    </ClInclude>
  </ItemGroup>
  <ItemGroup>
    <None Include="hde\LICENSE">
      <Filter>hde</Filter>
    </None>
  </ItemGroup>
</Project>